// !$*UTF8*$!
{
	archiveVersion = 1;
	classes = {
	};
	objectVersion = 50;
	objects = {

/* Begin PBXBuildFile section */
		B42A2FDA264967790099A1AA /* HorizontalLine.swift in Sources */ = {isa = PBXBuildFile; fileRef = B42A2FD9264967790099A1AA /* HorizontalLine.swift */; };
		B42A2FDD2649690D0099A1AA /* UIView+Layout.swift in Sources */ = {isa = PBXBuildFile; fileRef = B42A2FDC2649690D0099A1AA /* UIView+Layout.swift */; };
		B42A2FE5264994120099A1AA /* AlertController.swift in Sources */ = {isa = PBXBuildFile; fileRef = B42A2FE4264994120099A1AA /* AlertController.swift */; };
		B445E2ED264C33DA00D63A4B /* ValidateEmail.swift in Sources */ = {isa = PBXBuildFile; fileRef = B445E2EC264C33DA00D63A4B /* ValidateEmail.swift */; };
		B44742F52647CFF900686FE1 /* ExploreViewController.swift in Sources */ = {isa = PBXBuildFile; fileRef = B44742F42647CFF900686FE1 /* ExploreViewController.swift */; };
		B44742FE26480CDF00686FE1 /* UserProfileViewController.swift in Sources */ = {isa = PBXBuildFile; fileRef = B44742FD26480CDF00686FE1 /* UserProfileViewController.swift */; };
		B447430326481E9800686FE1 /* BorderLines.swift in Sources */ = {isa = PBXBuildFile; fileRef = B447430226481E9800686FE1 /* BorderLines.swift */; };
		B45332F42646B1690065B846 /* AppDelegate.swift in Sources */ = {isa = PBXBuildFile; fileRef = B45332F32646B1690065B846 /* AppDelegate.swift */; };
		B45332F62646B1690065B846 /* SceneDelegate.swift in Sources */ = {isa = PBXBuildFile; fileRef = B45332F52646B1690065B846 /* SceneDelegate.swift */; };
		B45332FD2646B16B0065B846 /* Assets.xcassets in Resources */ = {isa = PBXBuildFile; fileRef = B45332FC2646B16B0065B846 /* Assets.xcassets */; };
		B45333002646B16B0065B846 /* LaunchScreen.storyboard in Resources */ = {isa = PBXBuildFile; fileRef = B45332FE2646B16B0065B846 /* LaunchScreen.storyboard */; };
		B453330D2646B3C10065B846 /* RootViewController.swift in Sources */ = {isa = PBXBuildFile; fileRef = B453330C2646B3C10065B846 /* RootViewController.swift */; };
		B45333142646E3D20065B846 /* HexColoursDelegate.swift in Sources */ = {isa = PBXBuildFile; fileRef = B45333132646E3D20065B846 /* HexColoursDelegate.swift */; };
		B453331D2646E7620065B846 /* BR Firma Regular.otf in Resources */ = {isa = PBXBuildFile; fileRef = B453331C2646E7620065B846 /* BR Firma Regular.otf */; };
		B4533325264703ED0065B846 /* SignUpViewController.swift in Sources */ = {isa = PBXBuildFile; fileRef = B4533324264703ED0065B846 /* SignUpViewController.swift */; };
		B453332D264727C10065B846 /* LoginViewController.swift in Sources */ = {isa = PBXBuildFile; fileRef = B453332C264727C10065B846 /* LoginViewController.swift */; };
/* End PBXBuildFile section */

/* Begin PBXFileReference section */
		B42A2FD9264967790099A1AA /* HorizontalLine.swift */ = {isa = PBXFileReference; lastKnownFileType = sourcecode.swift; path = HorizontalLine.swift; sourceTree = "<group>"; };
		B42A2FDC2649690D0099A1AA /* UIView+Layout.swift */ = {isa = PBXFileReference; fileEncoding = 4; lastKnownFileType = sourcecode.swift; path = "UIView+Layout.swift"; sourceTree = "<group>"; };
		B42A2FE4264994120099A1AA /* AlertController.swift */ = {isa = PBXFileReference; lastKnownFileType = sourcecode.swift; path = AlertController.swift; sourceTree = "<group>"; };
		B445E2EC264C33DA00D63A4B /* ValidateEmail.swift */ = {isa = PBXFileReference; lastKnownFileType = sourcecode.swift; path = ValidateEmail.swift; sourceTree = "<group>"; };
		B44742F42647CFF900686FE1 /* ExploreViewController.swift */ = {isa = PBXFileReference; lastKnownFileType = sourcecode.swift; path = ExploreViewController.swift; sourceTree = "<group>"; };
		B44742FD26480CDF00686FE1 /* UserProfileViewController.swift */ = {isa = PBXFileReference; lastKnownFileType = sourcecode.swift; path = UserProfileViewController.swift; sourceTree = "<group>"; };
		B447430226481E9800686FE1 /* BorderLines.swift */ = {isa = PBXFileReference; lastKnownFileType = sourcecode.swift; path = BorderLines.swift; sourceTree = "<group>"; };
		B45332F02646B1690065B846 /* CowrywiseProject.app */ = {isa = PBXFileReference; explicitFileType = wrapper.application; includeInIndex = 0; path = CowrywiseProject.app; sourceTree = BUILT_PRODUCTS_DIR; };
		B45332F32646B1690065B846 /* AppDelegate.swift */ = {isa = PBXFileReference; lastKnownFileType = sourcecode.swift; path = AppDelegate.swift; sourceTree = "<group>"; };
		B45332F52646B1690065B846 /* SceneDelegate.swift */ = {isa = PBXFileReference; lastKnownFileType = sourcecode.swift; path = SceneDelegate.swift; sourceTree = "<group>"; };
		B45332FC2646B16B0065B846 /* Assets.xcassets */ = {isa = PBXFileReference; lastKnownFileType = folder.assetcatalog; path = Assets.xcassets; sourceTree = "<group>"; };
		B45332FF2646B16B0065B846 /* Base */ = {isa = PBXFileReference; lastKnownFileType = file.storyboard; name = Base; path = Base.lproj/LaunchScreen.storyboard; sourceTree = "<group>"; };
		B45333012646B16B0065B846 /* Info.plist */ = {isa = PBXFileReference; lastKnownFileType = text.plist.xml; path = Info.plist; sourceTree = "<group>"; };
		B453330C2646B3C10065B846 /* RootViewController.swift */ = {isa = PBXFileReference; lastKnownFileType = sourcecode.swift; path = RootViewController.swift; sourceTree = "<group>"; };
		B45333132646E3D20065B846 /* HexColoursDelegate.swift */ = {isa = PBXFileReference; lastKnownFileType = sourcecode.swift; path = HexColoursDelegate.swift; sourceTree = "<group>"; };
		B453331C2646E7620065B846 /* BR Firma Regular.otf */ = {isa = PBXFileReference; lastKnownFileType = file; path = "BR Firma Regular.otf"; sourceTree = "<group>"; };
		B4533324264703ED0065B846 /* SignUpViewController.swift */ = {isa = PBXFileReference; lastKnownFileType = sourcecode.swift; path = SignUpViewController.swift; sourceTree = "<group>"; };
		B453332C264727C10065B846 /* LoginViewController.swift */ = {isa = PBXFileReference; lastKnownFileType = sourcecode.swift; path = LoginViewController.swift; sourceTree = "<group>"; };
/* End PBXFileReference section */

/* Begin PBXFrameworksBuildPhase section */
		B45332ED2646B1690065B846 /* Frameworks */ = {
			isa = PBXFrameworksBuildPhase;
			buildActionMask = 2147483647;
			files = (
			);
			runOnlyForDeploymentPostprocessing = 0;
		};
/* End PBXFrameworksBuildPhase section */

/* Begin PBXGroup section */
		B42A2FE2264993D00099A1AA /* Resources */ = {
			isa = PBXGroup;
			children = (
				B45332FC2646B16B0065B846 /* Assets.xcassets */,
				B45332FE2646B16B0065B846 /* LaunchScreen.storyboard */,
			);
			path = Resources;
			sourceTree = "<group>";
		};
		B42A2FE3264993F10099A1AA /* Alert Controller */ = {
			isa = PBXGroup;
			children = (
				B42A2FE4264994120099A1AA /* AlertController.swift */,
			);
			path = "Alert Controller";
			sourceTree = "<group>";
		};
		B44742F32647CFCC00686FE1 /* Explore */ = {
			isa = PBXGroup;
			children = (
				B44742F42647CFF900686FE1 /* ExploreViewController.swift */,
			);
			path = Explore;
			sourceTree = "<group>";
		};
		B44742FC26480CBE00686FE1 /* UserProfile */ = {
			isa = PBXGroup;
			children = (
				B44742FD26480CDF00686FE1 /* UserProfileViewController.swift */,
			);
			path = UserProfile;
			sourceTree = "<group>";
		};
		B45332E72646B1690065B846 = {
			isa = PBXGroup;
			children = (
				B45332F22646B1690065B846 /* CowrywiseProject */,
				B45332F12646B1690065B846 /* Products */,
			);
			sourceTree = "<group>";
		};
		B45332F12646B1690065B846 /* Products */ = {
			isa = PBXGroup;
			children = (
				B45332F02646B1690065B846 /* CowrywiseProject.app */,
			);
			name = Products;
			sourceTree = "<group>";
		};
		B45332F22646B1690065B846 /* CowrywiseProject */ = {
			isa = PBXGroup;
			children = (
				B45333012646B16B0065B846 /* Info.plist */,
				B42A2FE3264993F10099A1AA /* Alert Controller */,
				B45333272647043A0065B846 /* App + Delegates */,
				B4533322264703A70065B846 /* Sign Up */,
				B44742F32647CFCC00686FE1 /* Explore */,
				B4533323264703CC0065B846 /* Login */,
				B44742FC26480CBE00686FE1 /* UserProfile */,
				B42A2FE2264993D00099A1AA /* Resources */,
				B45333172646E64B0065B846 /* Fonts */,
				B45333122646E3B10065B846 /* Extension */,
			);
			path = CowrywiseProject;
			sourceTree = "<group>";
		};
		B45333122646E3B10065B846 /* Extension */ = {
			isa = PBXGroup;
			children = (
				B42A2FDC2649690D0099A1AA /* UIView+Layout.swift */,
				B45333132646E3D20065B846 /* HexColoursDelegate.swift */,
				B447430226481E9800686FE1 /* BorderLines.swift */,
				B42A2FD9264967790099A1AA /* HorizontalLine.swift */,
				B445E2EC264C33DA00D63A4B /* ValidateEmail.swift */,
			);
			path = Extension;
			sourceTree = "<group>";
		};
		B45333172646E64B0065B846 /* Fonts */ = {
			isa = PBXGroup;
			children = (
				B453331C2646E7620065B846 /* BR Firma Regular.otf */,
			);
			path = Fonts;
			sourceTree = "<group>";
		};
		B4533322264703A70065B846 /* Sign Up */ = {
			isa = PBXGroup;
			children = (
				B453330C2646B3C10065B846 /* RootViewController.swift */,
				B4533324264703ED0065B846 /* SignUpViewController.swift */,
			);
			path = "Sign Up";
			sourceTree = "<group>";
		};
		B4533323264703CC0065B846 /* Login */ = {
			isa = PBXGroup;
			children = (
				B453332C264727C10065B846 /* LoginViewController.swift */,
			);
			path = Login;
			sourceTree = "<group>";
		};
		B45333272647043A0065B846 /* App + Delegates */ = {
			isa = PBXGroup;
			children = (
				B45332F32646B1690065B846 /* AppDelegate.swift */,
				B45332F52646B1690065B846 /* SceneDelegate.swift */,
			);
			path = "App + Delegates";
			sourceTree = "<group>";
		};
/* End PBXGroup section */

/* Begin PBXNativeTarget section */
		B45332EF2646B1690065B846 /* CowrywiseProject */ = {
			isa = PBXNativeTarget;
			buildConfigurationList = B45333042646B16B0065B846 /* Build configuration list for PBXNativeTarget "CowrywiseProject" */;
			buildPhases = (
				B45332EC2646B1690065B846 /* Sources */,
				B45332ED2646B1690065B846 /* Frameworks */,
				B45332EE2646B1690065B846 /* Resources */,
			);
			buildRules = (
			);
			dependencies = (
			);
			name = CowrywiseProject;
			productName = CowrywiseProject;
			productReference = B45332F02646B1690065B846 /* CowrywiseProject.app */;
			productType = "com.apple.product-type.application";
		};
/* End PBXNativeTarget section */

/* Begin PBXProject section */
		B45332E82646B1690065B846 /* Project object */ = {
			isa = PBXProject;
			attributes = {
				LastSwiftUpdateCheck = 1240;
				LastUpgradeCheck = 1240;
				TargetAttributes = {
					B45332EF2646B1690065B846 = {
						CreatedOnToolsVersion = 12.4;
					};
				};
			};
			buildConfigurationList = B45332EB2646B1690065B846 /* Build configuration list for PBXProject "CowrywiseProject" */;
			compatibilityVersion = "Xcode 9.3";
			developmentRegion = en;
			hasScannedForEncodings = 0;
			knownRegions = (
				en,
				Base,
			);
			mainGroup = B45332E72646B1690065B846;
			productRefGroup = B45332F12646B1690065B846 /* Products */;
			projectDirPath = "";
			projectRoot = "";
			targets = (
				B45332EF2646B1690065B846 /* CowrywiseProject */,
			);
		};
/* End PBXProject section */

/* Begin PBXResourcesBuildPhase section */
		B45332EE2646B1690065B846 /* Resources */ = {
			isa = PBXResourcesBuildPhase;
			buildActionMask = 2147483647;
			files = (
				B45333002646B16B0065B846 /* LaunchScreen.storyboard in Resources */,
				B45332FD2646B16B0065B846 /* Assets.xcassets in Resources */,
				B453331D2646E7620065B846 /* BR Firma Regular.otf in Resources */,
			);
			runOnlyForDeploymentPostprocessing = 0;
		};
/* End PBXResourcesBuildPhase section */

/* Begin PBXSourcesBuildPhase section */
		B45332EC2646B1690065B846 /* Sources */ = {
			isa = PBXSourcesBuildPhase;
			buildActionMask = 2147483647;
			files = (
				B45332F42646B1690065B846 /* AppDelegate.swift in Sources */,
				B447430326481E9800686FE1 /* BorderLines.swift in Sources */,
				B445E2ED264C33DA00D63A4B /* ValidateEmail.swift in Sources */,
				B453330D2646B3C10065B846 /* RootViewController.swift in Sources */,
				B45332F62646B1690065B846 /* SceneDelegate.swift in Sources */,
				B42A2FE5264994120099A1AA /* AlertController.swift in Sources */,
				B44742F52647CFF900686FE1 /* ExploreViewController.swift in Sources */,
				B44742FE26480CDF00686FE1 /* UserProfileViewController.swift in Sources */,
				B42A2FDD2649690D0099A1AA /* UIView+Layout.swift in Sources */,
				B45333142646E3D20065B846 /* HexColoursDelegate.swift in Sources */,
				B4533325264703ED0065B846 /* SignUpViewController.swift in Sources */,
				B453332D264727C10065B846 /* LoginViewController.swift in Sources */,
				B42A2FDA264967790099A1AA /* HorizontalLine.swift in Sources */,
			);
			runOnlyForDeploymentPostprocessing = 0;
		};
/* End PBXSourcesBuildPhase section */

/* Begin PBXVariantGroup section */
		B45332FE2646B16B0065B846 /* LaunchScreen.storyboard */ = {
			isa = PBXVariantGroup;
			children = (
				B45332FF2646B16B0065B846 /* Base */,
			);
			name = LaunchScreen.storyboard;
			sourceTree = "<group>";
		};
/* End PBXVariantGroup section */

/* Begin XCBuildConfiguration section */
		B45333022646B16B0065B846 /* Debug */ = {
			isa = XCBuildConfiguration;
			buildSettings = {
				ALWAYS_SEARCH_USER_PATHS = NO;
				CLANG_ANALYZER_NONNULL = YES;
				CLANG_ANALYZER_NUMBER_OBJECT_CONVERSION = YES_AGGRESSIVE;
				CLANG_CXX_LANGUAGE_STANDARD = "gnu++14";
				CLANG_CXX_LIBRARY = "libc++";
				CLANG_ENABLE_MODULES = YES;
				CLANG_ENABLE_OBJC_ARC = YES;
				CLANG_ENABLE_OBJC_WEAK = YES;
				CLANG_WARN_BLOCK_CAPTURE_AUTORELEASING = YES;
				CLANG_WARN_BOOL_CONVERSION = YES;
				CLANG_WARN_COMMA = YES;
				CLANG_WARN_CONSTANT_CONVERSION = YES;
				CLANG_WARN_DEPRECATED_OBJC_IMPLEMENTATIONS = YES;
				CLANG_WARN_DIRECT_OBJC_ISA_USAGE = YES_ERROR;
				CLANG_WARN_DOCUMENTATION_COMMENTS = YES;
				CLANG_WARN_EMPTY_BODY = YES;
				CLANG_WARN_ENUM_CONVERSION = YES;
				CLANG_WARN_INFINITE_RECURSION = YES;
				CLANG_WARN_INT_CONVERSION = YES;
				CLANG_WARN_NON_LITERAL_NULL_CONVERSION = YES;
				CLANG_WARN_OBJC_IMPLICIT_RETAIN_SELF = YES;
				CLANG_WARN_OBJC_LITERAL_CONVERSION = YES;
				CLANG_WARN_OBJC_ROOT_CLASS = YES_ERROR;
				CLANG_WARN_QUOTED_INCLUDE_IN_FRAMEWORK_HEADER = YES;
				CLANG_WARN_RANGE_LOOP_ANALYSIS = YES;
				CLANG_WARN_STRICT_PROTOTYPES = YES;
				CLANG_WARN_SUSPICIOUS_MOVE = YES;
				CLANG_WARN_UNGUARDED_AVAILABILITY = YES_AGGRESSIVE;
				CLANG_WARN_UNREACHABLE_CODE = YES;
				CLANG_WARN__DUPLICATE_METHOD_MATCH = YES;
				COPY_PHASE_STRIP = NO;
				DEBUG_INFORMATION_FORMAT = dwarf;
				ENABLE_STRICT_OBJC_MSGSEND = YES;
				ENABLE_TESTABILITY = YES;
				GCC_C_LANGUAGE_STANDARD = gnu11;
				GCC_DYNAMIC_NO_PIC = NO;
				GCC_NO_COMMON_BLOCKS = YES;
				GCC_OPTIMIZATION_LEVEL = 0;
				GCC_PREPROCESSOR_DEFINITIONS = (
					"DEBUG=1",
					"$(inherited)",
				);
				GCC_WARN_64_TO_32_BIT_CONVERSION = YES;
				GCC_WARN_ABOUT_RETURN_TYPE = YES_ERROR;
				GCC_WARN_UNDECLARED_SELECTOR = YES;
				GCC_WARN_UNINITIALIZED_AUTOS = YES_AGGRESSIVE;
				GCC_WARN_UNUSED_FUNCTION = YES;
				GCC_WARN_UNUSED_VARIABLE = YES;
				IPHONEOS_DEPLOYMENT_TARGET = 14.4;
				MTL_ENABLE_DEBUG_INFO = INCLUDE_SOURCE;
				MTL_FAST_MATH = YES;
				ONLY_ACTIVE_ARCH = YES;
				SDKROOT = iphoneos;
				SWIFT_ACTIVE_COMPILATION_CONDITIONS = DEBUG;
				SWIFT_OPTIMIZATION_LEVEL = "-Onone";
			};
			name = Debug;
		};
		B45333032646B16B0065B846 /* Release */ = {
			isa = XCBuildConfiguration;
			buildSettings = {
				ALWAYS_SEARCH_USER_PATHS = NO;
				CLANG_ANALYZER_NONNULL = YES;
				CLANG_ANALYZER_NUMBER_OBJECT_CONVERSION = YES_AGGRESSIVE;
				CLANG_CXX_LANGUAGE_STANDARD = "gnu++14";
				CLANG_CXX_LIBRARY = "libc++";
				CLANG_ENABLE_MODULES = YES;
				CLANG_ENABLE_OBJC_ARC = YES;
				CLANG_ENABLE_OBJC_WEAK = YES;
				CLANG_WARN_BLOCK_CAPTURE_AUTORELEASING = YES;
				CLANG_WARN_BOOL_CONVERSION = YES;
				CLANG_WARN_COMMA = YES;
				CLANG_WARN_CONSTANT_CONVERSION = YES;
				CLANG_WARN_DEPRECATED_OBJC_IMPLEMENTATIONS = YES;
				CLANG_WARN_DIRECT_OBJC_ISA_USAGE = YES_ERROR;
				CLANG_WARN_DOCUMENTATION_COMMENTS = YES;
				CLANG_WARN_EMPTY_BODY = YES;
				CLANG_WARN_ENUM_CONVERSION = YES;
				CLANG_WARN_INFINITE_RECURSION = YES;
				CLANG_WARN_INT_CONVERSION = YES;
				CLANG_WARN_NON_LITERAL_NULL_CONVERSION = YES;
				CLANG_WARN_OBJC_IMPLICIT_RETAIN_SELF = YES;
				CLANG_WARN_OBJC_LITERAL_CONVERSION = YES;
				CLANG_WARN_OBJC_ROOT_CLASS = YES_ERROR;
				CLANG_WARN_QUOTED_INCLUDE_IN_FRAMEWORK_HEADER = YES;
				CLANG_WARN_RANGE_LOOP_ANALYSIS = YES;
				CLANG_WARN_STRICT_PROTOTYPES = YES;
				CLANG_WARN_SUSPICIOUS_MOVE = YES;
				CLANG_WARN_UNGUARDED_AVAILABILITY = YES_AGGRESSIVE;
				CLANG_WARN_UNREACHABLE_CODE = YES;
				CLANG_WARN__DUPLICATE_METHOD_MATCH = YES;
				COPY_PHASE_STRIP = NO;
				DEBUG_INFORMATION_FORMAT = "dwarf-with-dsym";
				ENABLE_NS_ASSERTIONS = NO;
				ENABLE_STRICT_OBJC_MSGSEND = YES;
				GCC_C_LANGUAGE_STANDARD = gnu11;
				GCC_NO_COMMON_BLOCKS = YES;
				GCC_WARN_64_TO_32_BIT_CONVERSION = YES;
				GCC_WARN_ABOUT_RETURN_TYPE = YES_ERROR;
				GCC_WARN_UNDECLARED_SELECTOR = YES;
				GCC_WARN_UNINITIALIZED_AUTOS = YES_AGGRESSIVE;
				GCC_WARN_UNUSED_FUNCTION = YES;
				GCC_WARN_UNUSED_VARIABLE = YES;
				IPHONEOS_DEPLOYMENT_TARGET = 14.4;
				MTL_ENABLE_DEBUG_INFO = NO;
				MTL_FAST_MATH = YES;
				SDKROOT = iphoneos;
				SWIFT_COMPILATION_MODE = wholemodule;
				SWIFT_OPTIMIZATION_LEVEL = "-O";
				VALIDATE_PRODUCT = YES;
			};
			name = Release;
		};
		B45333052646B16B0065B846 /* Debug */ = {
			isa = XCBuildConfiguration;
			buildSettings = {
				ASSETCATALOG_COMPILER_APPICON_NAME = AppIcon;
				ASSETCATALOG_COMPILER_GLOBAL_ACCENT_COLOR_NAME = AccentColor;
				CODE_SIGN_STYLE = Automatic;
				INFOPLIST_FILE = CowrywiseProject/Info.plist;
				LD_RUNPATH_SEARCH_PATHS = (
					"$(inherited)",
					"@executable_path/Frameworks",
				);
				PRODUCT_BUNDLE_IDENTIFIER = chukwuyenum.dennis.CowrywiseProject;
				PRODUCT_NAME = "$(TARGET_NAME)";
				SWIFT_VERSION = 5.0;
				TARGETED_DEVICE_FAMILY = "1,2";
			};
			name = Debug;
		};
		B45333062646B16B0065B846 /* Release */ = {
			isa = XCBuildConfiguration;
			buildSettings = {
				ASSETCATALOG_COMPILER_APPICON_NAME = AppIcon;
				ASSETCATALOG_COMPILER_GLOBAL_ACCENT_COLOR_NAME = AccentColor;
				CODE_SIGN_STYLE = Automatic;
				INFOPLIST_FILE = CowrywiseProject/Info.plist;
				LD_RUNPATH_SEARCH_PATHS = (
					"$(inherited)",
					"@executable_path/Frameworks",
				);
				PRODUCT_BUNDLE_IDENTIFIER = chukwuyenum.dennis.CowrywiseProject;
				PRODUCT_NAME = "$(TARGET_NAME)";
				SWIFT_VERSION = 5.0;
				TARGETED_DEVICE_FAMILY = "1,2";
			};
			name = Release;
		};
/* End XCBuildConfiguration section */

/* Begin XCConfigurationList section */
		B45332EB2646B1690065B846 /* Build configuration list for PBXProject "CowrywiseProject" */ = {
			isa = XCConfigurationList;
			buildConfigurations = (
				B45333022646B16B0065B846 /* Debug */,
				B45333032646B16B0065B846 /* Release */,
			);
			defaultConfigurationIsVisible = 0;
			defaultConfigurationName = Release;
		};
		B45333042646B16B0065B846 /* Build configuration list for PBXNativeTarget "CowrywiseProject" */ = {
			isa = XCConfigurationList;
			buildConfigurations = (
				B45333052646B16B0065B846 /* Debug */,
				B45333062646B16B0065B846 /* Release */,
			);
			defaultConfigurationIsVisible = 0;
			defaultConfigurationName = Release;
		};
/* End XCConfigurationList section */
	};
	rootObject = B45332E82646B1690065B846 /* Project object */;
}
